// !$*UTF8*$!
{
	archiveVersion = 1;
	classes = {
	};
	objectVersion = 50;
	objects = {

/* Begin PBXBuildFile section */
		62E1843021E9582100C147A1 /* AppDelegate.swift in Sources */ = {isa = PBXBuildFile; fileRef = 62E1842F21E9582100C147A1 /* AppDelegate.swift */; };
		62E1843221E9582100C147A1 /* ViewController.swift in Sources */ = {isa = PBXBuildFile; fileRef = 62E1843121E9582100C147A1 /* ViewController.swift */; };
		62E1843521E9582100C147A1 /* Main.storyboard in Resources */ = {isa = PBXBuildFile; fileRef = 62E1843321E9582100C147A1 /* Main.storyboard */; };
		62E1843721E9582200C147A1 /* Assets.xcassets in Resources */ = {isa = PBXBuildFile; fileRef = 62E1843621E9582200C147A1 /* Assets.xcassets */; };
		62E1843A21E9582200C147A1 /* LaunchScreen.storyboard in Resources */ = {isa = PBXBuildFile; fileRef = 62E1843821E9582200C147A1 /* LaunchScreen.storyboard */; };
		62E1844521E9582200C147A1 /* travis_ciTests.swift in Sources */ = {isa = PBXBuildFile; fileRef = 62E1844421E9582200C147A1 /* travis_ciTests.swift */; };
		62E1845021E9582200C147A1 /* travis_ciUITests.swift in Sources */ = {isa = PBXBuildFile; fileRef = 62E1844F21E9582200C147A1 /* travis_ciUITests.swift */; };
/* End PBXBuildFile section */

/* Begin PBXContainerItemProxy section */
		62E1844121E9582200C147A1 /* PBXContainerItemProxy */ = {
			isa = PBXContainerItemProxy;
			containerPortal = 62E1842421E9582100C147A1 /* Project object */;
			proxyType = 1;
			remoteGlobalIDString = 62E1842B21E9582100C147A1;
			remoteInfo = "travis-ci";
		};
		62E1844C21E9582200C147A1 /* PBXContainerItemProxy */ = {
			isa = PBXContainerItemProxy;
			containerPortal = 62E1842421E9582100C147A1 /* Project object */;
			proxyType = 1;
			remoteGlobalIDString = 62E1842B21E9582100C147A1;
			remoteInfo = "travis-ci";
		};
/* End PBXContainerItemProxy section */

/* Begin PBXFileReference section */
		62E1842C21E9582100C147A1 /* travis-ci.app */ = {isa = PBXFileReference; explicitFileType = wrapper.application; includeInIndex = 0; path = "travis-ci.app"; sourceTree = BUILT_PRODUCTS_DIR; };
		62E1842F21E9582100C147A1 /* AppDelegate.swift */ = {isa = PBXFileReference; lastKnownFileType = sourcecode.swift; path = AppDelegate.swift; sourceTree = "<group>"; };
		62E1843121E9582100C147A1 /* ViewController.swift */ = {isa = PBXFileReference; lastKnownFileType = sourcecode.swift; path = ViewController.swift; sourceTree = "<group>"; };
		62E1843421E9582100C147A1 /* Base */ = {isa = PBXFileReference; lastKnownFileType = file.storyboard; name = Base; path = Base.lproj/Main.storyboard; sourceTree = "<group>"; };
		62E1843621E9582200C147A1 /* Assets.xcassets */ = {isa = PBXFileReference; lastKnownFileType = folder.assetcatalog; path = Assets.xcassets; sourceTree = "<group>"; };
		62E1843921E9582200C147A1 /* Base */ = {isa = PBXFileReference; lastKnownFileType = file.storyboard; name = Base; path = Base.lproj/LaunchScreen.storyboard; sourceTree = "<group>"; };
		62E1843B21E9582200C147A1 /* Info.plist */ = {isa = PBXFileReference; lastKnownFileType = text.plist.xml; path = Info.plist; sourceTree = "<group>"; };
		62E1844021E9582200C147A1 /* travis-ciTests.xctest */ = {isa = PBXFileReference; explicitFileType = wrapper.cfbundle; includeInIndex = 0; path = "travis-ciTests.xctest"; sourceTree = BUILT_PRODUCTS_DIR; };
		62E1844421E9582200C147A1 /* travis_ciTests.swift */ = {isa = PBXFileReference; lastKnownFileType = sourcecode.swift; path = travis_ciTests.swift; sourceTree = "<group>"; };
		62E1844621E9582200C147A1 /* Info.plist */ = {isa = PBXFileReference; lastKnownFileType = text.plist.xml; path = Info.plist; sourceTree = "<group>"; };
		62E1844B21E9582200C147A1 /* travis-ciUITests.xctest */ = {isa = PBXFileReference; explicitFileType = wrapper.cfbundle; includeInIndex = 0; path = "travis-ciUITests.xctest"; sourceTree = BUILT_PRODUCTS_DIR; };
		62E1844F21E9582200C147A1 /* travis_ciUITests.swift */ = {isa = PBXFileReference; lastKnownFileType = sourcecode.swift; path = travis_ciUITests.swift; sourceTree = "<group>"; };
		62E1845121E9582200C147A1 /* Info.plist */ = {isa = PBXFileReference; lastKnownFileType = text.plist.xml; path = Info.plist; sourceTree = "<group>"; };
/* End PBXFileReference section */

/* Begin PBXFrameworksBuildPhase section */
		62E1842921E9582100C147A1 /* Frameworks */ = {
			isa = PBXFrameworksBuildPhase;
			buildActionMask = 2147483647;
			files = (
			);
			runOnlyForDeploymentPostprocessing = 0;
		};
		62E1843D21E9582200C147A1 /* Frameworks */ = {
			isa = PBXFrameworksBuildPhase;
			buildActionMask = 2147483647;
			files = (
			);
			runOnlyForDeploymentPostprocessing = 0;
		};
		62E1844821E9582200C147A1 /* Frameworks */ = {
			isa = PBXFrameworksBuildPhase;
			buildActionMask = 2147483647;
			files = (
			);
			runOnlyForDeploymentPostprocessing = 0;
		};
/* End PBXFrameworksBuildPhase section */

/* Begin PBXGroup section */
		62E1842321E9582100C147A1 = {
			isa = PBXGroup;
			children = (
				62E1842E21E9582100C147A1 /* travis-ci */,
				62E1844321E9582200C147A1 /* travis-ciTests */,
				62E1844E21E9582200C147A1 /* travis-ciUITests */,
				62E1842D21E9582100C147A1 /* Products */,
			);
			sourceTree = "<group>";
		};
		62E1842D21E9582100C147A1 /* Products */ = {
			isa = PBXGroup;
			children = (
				62E1842C21E9582100C147A1 /* travis-ci.app */,
				62E1844021E9582200C147A1 /* travis-ciTests.xctest */,
				62E1844B21E9582200C147A1 /* travis-ciUITests.xctest */,
			);
			name = Products;
			sourceTree = "<group>";
		};
		62E1842E21E9582100C147A1 /* travis-ci */ = {
			isa = PBXGroup;
			children = (
				62E1842F21E9582100C147A1 /* AppDelegate.swift */,
				62E1843121E9582100C147A1 /* ViewController.swift */,
				62E1843321E9582100C147A1 /* Main.storyboard */,
				62E1843621E9582200C147A1 /* Assets.xcassets */,
				62E1843821E9582200C147A1 /* LaunchScreen.storyboard */,
				62E1843B21E9582200C147A1 /* Info.plist */,
			);
			path = "travis-ci";
			sourceTree = "<group>";
		};
		62E1844321E9582200C147A1 /* travis-ciTests */ = {
			isa = PBXGroup;
			children = (
				62E1844421E9582200C147A1 /* travis_ciTests.swift */,
				62E1844621E9582200C147A1 /* Info.plist */,
			);
			path = "travis-ciTests";
			sourceTree = "<group>";
		};
		62E1844E21E9582200C147A1 /* travis-ciUITests */ = {
			isa = PBXGroup;
			children = (
				62E1844F21E9582200C147A1 /* travis_ciUITests.swift */,
				62E1845121E9582200C147A1 /* Info.plist */,
			);
			path = "travis-ciUITests";
			sourceTree = "<group>";
		};
/* End PBXGroup section */

/* Begin PBXNativeTarget section */
		62E1842B21E9582100C147A1 /* travis-ci */ = {
			isa = PBXNativeTarget;
			buildConfigurationList = 62E1845421E9582200C147A1 /* Build configuration list for PBXNativeTarget "travis-ci" */;
			buildPhases = (
				62E1842821E9582100C147A1 /* Sources */,
				62E1842921E9582100C147A1 /* Frameworks */,
				62E1842A21E9582100C147A1 /* Resources */,
			);
			buildRules = (
			);
			dependencies = (
			);
			name = "travis-ci";
			productName = "travis-ci";
			productReference = 62E1842C21E9582100C147A1 /* travis-ci.app */;
			productType = "com.apple.product-type.application";
		};
		62E1843F21E9582200C147A1 /* travis-ciTests */ = {
			isa = PBXNativeTarget;
			buildConfigurationList = 62E1845721E9582200C147A1 /* Build configuration list for PBXNativeTarget "travis-ciTests" */;
			buildPhases = (
				62E1843C21E9582200C147A1 /* Sources */,
				62E1843D21E9582200C147A1 /* Frameworks */,
				62E1843E21E9582200C147A1 /* Resources */,
			);
			buildRules = (
			);
			dependencies = (
				62E1844221E9582200C147A1 /* PBXTargetDependency */,
			);
			name = "travis-ciTests";
			productName = "travis-ciTests";
			productReference = 62E1844021E9582200C147A1 /* travis-ciTests.xctest */;
			productType = "com.apple.product-type.bundle.unit-test";
		};
		62E1844A21E9582200C147A1 /* travis-ciUITests */ = {
			isa = PBXNativeTarget;
			buildConfigurationList = 62E1845A21E9582200C147A1 /* Build configuration list for PBXNativeTarget "travis-ciUITests" */;
			buildPhases = (
				62E1844721E9582200C147A1 /* Sources */,
				62E1844821E9582200C147A1 /* Frameworks */,
				62E1844921E9582200C147A1 /* Resources */,
			);
			buildRules = (
			);
			dependencies = (
				62E1844D21E9582200C147A1 /* PBXTargetDependency */,
			);
			name = "travis-ciUITests";
			productName = "travis-ciUITests";
			productReference = 62E1844B21E9582200C147A1 /* travis-ciUITests.xctest */;
			productType = "com.apple.product-type.bundle.ui-testing";
		};
/* End PBXNativeTarget section */

/* Begin PBXProject section */
		62E1842421E9582100C147A1 /* Project object */ = {
			isa = PBXProject;
			attributes = {
				LastSwiftUpdateCheck = 1010;
				LastUpgradeCheck = 1010;
				ORGANIZATIONNAME = "Marie-Pascale Chauvel";
				TargetAttributes = {
					62E1842B21E9582100C147A1 = {
						CreatedOnToolsVersion = 10.1;
					};
					62E1843F21E9582200C147A1 = {
						CreatedOnToolsVersion = 10.1;
						TestTargetID = 62E1842B21E9582100C147A1;
					};
					62E1844A21E9582200C147A1 = {
						CreatedOnToolsVersion = 10.1;
						TestTargetID = 62E1842B21E9582100C147A1;
					};
				};
			};
			buildConfigurationList = 62E1842721E9582100C147A1 /* Build configuration list for PBXProject "travis-ci" */;
			compatibilityVersion = "Xcode 9.3";
			developmentRegion = en;
			hasScannedForEncodings = 0;
			knownRegions = (
				en,
				Base,
			);
			mainGroup = 62E1842321E9582100C147A1;
			productRefGroup = 62E1842D21E9582100C147A1 /* Products */;
			projectDirPath = "";
			projectRoot = "";
			targets = (
				62E1842B21E9582100C147A1 /* travis-ci */,
				62E1843F21E9582200C147A1 /* travis-ciTests */,
				62E1844A21E9582200C147A1 /* travis-ciUITests */,
			);
		};
/* End PBXProject section */

/* Begin PBXResourcesBuildPhase section */
		62E1842A21E9582100C147A1 /* Resources */ = {
			isa = PBXResourcesBuildPhase;
			buildActionMask = 2147483647;
			files = (
				62E1843A21E9582200C147A1 /* LaunchScreen.storyboard in Resources */,
				62E1843721E9582200C147A1 /* Assets.xcassets in Resources */,
				62E1843521E9582100C147A1 /* Main.storyboard in Resources */,
			);
			runOnlyForDeploymentPostprocessing = 0;
		};
		62E1843E21E9582200C147A1 /* Resources */ = {
			isa = PBXResourcesBuildPhase;
			buildActionMask = 2147483647;
			files = (
			);
			runOnlyForDeploymentPostprocessing = 0;
		};
		62E1844921E9582200C147A1 /* Resources */ = {
			isa = PBXResourcesBuildPhase;
			buildActionMask = 2147483647;
			files = (
			);
			runOnlyForDeploymentPostprocessing = 0;
		};
/* End PBXResourcesBuildPhase section */

/* Begin PBXSourcesBuildPhase section */
		62E1842821E9582100C147A1 /* Sources */ = {
			isa = PBXSourcesBuildPhase;
			buildActionMask = 2147483647;
			files = (
				62E1843221E9582100C147A1 /* ViewController.swift in Sources */,
				62E1843021E9582100C147A1 /* AppDelegate.swift in Sources */,
			);
			runOnlyForDeploymentPostprocessing = 0;
		};
		62E1843C21E9582200C147A1 /* Sources */ = {
			isa = PBXSourcesBuildPhase;
			buildActionMask = 2147483647;
			files = (
				62E1844521E9582200C147A1 /* travis_ciTests.swift in Sources */,
			);
			runOnlyForDeploymentPostprocessing = 0;
		};
		62E1844721E9582200C147A1 /* Sources */ = {
			isa = PBXSourcesBuildPhase;
			buildActionMask = 2147483647;
			files = (
				62E1845021E9582200C147A1 /* travis_ciUITests.swift in Sources */,
			);
			runOnlyForDeploymentPostprocessing = 0;
		};
/* End PBXSourcesBuildPhase section */

/* Begin PBXTargetDependency section */
		62E1844221E9582200C147A1 /* PBXTargetDependency */ = {
			isa = PBXTargetDependency;
			target = 62E1842B21E9582100C147A1 /* travis-ci */;
			targetProxy = 62E1844121E9582200C147A1 /* PBXContainerItemProxy */;
		};
		62E1844D21E9582200C147A1 /* PBXTargetDependency */ = {
			isa = PBXTargetDependency;
			target = 62E1842B21E9582100C147A1 /* travis-ci */;
			targetProxy = 62E1844C21E9582200C147A1 /* PBXContainerItemProxy */;
		};
/* End PBXTargetDependency section */

/* Begin PBXVariantGroup section */
		62E1843321E9582100C147A1 /* Main.storyboard */ = {
			isa = PBXVariantGroup;
			children = (
				62E1843421E9582100C147A1 /* Base */,
			);
			name = Main.storyboard;
			sourceTree = "<group>";
		};
		62E1843821E9582200C147A1 /* LaunchScreen.storyboard */ = {
			isa = PBXVariantGroup;
			children = (
				62E1843921E9582200C147A1 /* Base */,
			);
			name = LaunchScreen.storyboard;
			sourceTree = "<group>";
		};
/* End PBXVariantGroup section */

/* Begin XCBuildConfiguration section */
		62E1845221E9582200C147A1 /* Debug */ = {
			isa = XCBuildConfiguration;
			buildSettings = {
				ALWAYS_SEARCH_USER_PATHS = NO;
				CLANG_ANALYZER_NONNULL = YES;
				CLANG_ANALYZER_NUMBER_OBJECT_CONVERSION = YES_AGGRESSIVE;
				CLANG_CXX_LANGUAGE_STANDARD = "gnu++14";
				CLANG_CXX_LIBRARY = "libc++";
				CLANG_ENABLE_MODULES = YES;
				CLANG_ENABLE_OBJC_ARC = YES;
				CLANG_ENABLE_OBJC_WEAK = YES;
				CLANG_WARN_BLOCK_CAPTURE_AUTORELEASING = YES;
				CLANG_WARN_BOOL_CONVERSION = YES;
				CLANG_WARN_COMMA = YES;
				CLANG_WARN_CONSTANT_CONVERSION = YES;
				CLANG_WARN_DEPRECATED_OBJC_IMPLEMENTATIONS = YES;
				CLANG_WARN_DIRECT_OBJC_ISA_USAGE = YES_ERROR;
				CLANG_WARN_DOCUMENTATION_COMMENTS = YES;
				CLANG_WARN_EMPTY_BODY = YES;
				CLANG_WARN_ENUM_CONVERSION = YES;
				CLANG_WARN_INFINITE_RECURSION = YES;
				CLANG_WARN_INT_CONVERSION = YES;
				CLANG_WARN_NON_LITERAL_NULL_CONVERSION = YES;
				CLANG_WARN_OBJC_IMPLICIT_RETAIN_SELF = YES;
				CLANG_WARN_OBJC_LITERAL_CONVERSION = YES;
				CLANG_WARN_OBJC_ROOT_CLASS = YES_ERROR;
				CLANG_WARN_RANGE_LOOP_ANALYSIS = YES;
				CLANG_WARN_STRICT_PROTOTYPES = YES;
				CLANG_WARN_SUSPICIOUS_MOVE = YES;
				CLANG_WARN_UNGUARDED_AVAILABILITY = YES_AGGRESSIVE;
				CLANG_WARN_UNREACHABLE_CODE = YES;
				CLANG_WARN__DUPLICATE_METHOD_MATCH = YES;
				CODE_SIGN_IDENTITY = "iPhone Developer";
				COPY_PHASE_STRIP = NO;
				DEBUG_INFORMATION_FORMAT = dwarf;
				ENABLE_STRICT_OBJC_MSGSEND = YES;
				ENABLE_TESTABILITY = YES;
				GCC_C_LANGUAGE_STANDARD = gnu11;
				GCC_DYNAMIC_NO_PIC = NO;
				GCC_NO_COMMON_BLOCKS = YES;
				GCC_OPTIMIZATION_LEVEL = 0;
				GCC_PREPROCESSOR_DEFINITIONS = (
					"DEBUG=1",
					"$(inherited)",
				);
				GCC_WARN_64_TO_32_BIT_CONVERSION = YES;
				GCC_WARN_ABOUT_RETURN_TYPE = YES_ERROR;
				GCC_WARN_UNDECLARED_SELECTOR = YES;
				GCC_WARN_UNINITIALIZED_AUTOS = YES_AGGRESSIVE;
				GCC_WARN_UNUSED_FUNCTION = YES;
				GCC_WARN_UNUSED_VARIABLE = YES;
				IPHONEOS_DEPLOYMENT_TARGET = 10.0;
				MTL_ENABLE_DEBUG_INFO = INCLUDE_SOURCE;
				MTL_FAST_MATH = YES;
				ONLY_ACTIVE_ARCH = YES;
				SDKROOT = iphoneos;
				SWIFT_ACTIVE_COMPILATION_CONDITIONS = DEBUG;
				SWIFT_OPTIMIZATION_LEVEL = "-Onone";
			};
			name = Debug;
		};
		62E1845321E9582200C147A1 /* Release */ = {
			isa = XCBuildConfiguration;
			buildSettings = {
				ALWAYS_SEARCH_USER_PATHS = NO;
				CLANG_ANALYZER_NONNULL = YES;
				CLANG_ANALYZER_NUMBER_OBJECT_CONVERSION = YES_AGGRESSIVE;
				CLANG_CXX_LANGUAGE_STANDARD = "gnu++14";
				CLANG_CXX_LIBRARY = "libc++";
				CLANG_ENABLE_MODULES = YES;
				CLANG_ENABLE_OBJC_ARC = YES;
				CLANG_ENABLE_OBJC_WEAK = YES;
				CLANG_WARN_BLOCK_CAPTURE_AUTORELEASING = YES;
				CLANG_WARN_BOOL_CONVERSION = YES;
				CLANG_WARN_COMMA = YES;
				CLANG_WARN_CONSTANT_CONVERSION = YES;
				CLANG_WARN_DEPRECATED_OBJC_IMPLEMENTATIONS = YES;
				CLANG_WARN_DIRECT_OBJC_ISA_USAGE = YES_ERROR;
				CLANG_WARN_DOCUMENTATION_COMMENTS = YES;
				CLANG_WARN_EMPTY_BODY = YES;
				CLANG_WARN_ENUM_CONVERSION = YES;
				CLANG_WARN_INFINITE_RECURSION = YES;
				CLANG_WARN_INT_CONVERSION = YES;
				CLANG_WARN_NON_LITERAL_NULL_CONVERSION = YES;
				CLANG_WARN_OBJC_IMPLICIT_RETAIN_SELF = YES;
				CLANG_WARN_OBJC_LITERAL_CONVERSION = YES;
				CLANG_WARN_OBJC_ROOT_CLASS = YES_ERROR;
				CLANG_WARN_RANGE_LOOP_ANALYSIS = YES;
				CLANG_WARN_STRICT_PROTOTYPES = YES;
				CLANG_WARN_SUSPICIOUS_MOVE = YES;
				CLANG_WARN_UNGUARDED_AVAILABILITY = YES_AGGRESSIVE;
				CLANG_WARN_UNREACHABLE_CODE = YES;
				CLANG_WARN__DUPLICATE_METHOD_MATCH = YES;
				CODE_SIGN_IDENTITY = "iPhone Developer";
				COPY_PHASE_STRIP = NO;
				DEBUG_INFORMATION_FORMAT = "dwarf-with-dsym";
				ENABLE_NS_ASSERTIONS = NO;
				ENABLE_STRICT_OBJC_MSGSEND = YES;
				GCC_C_LANGUAGE_STANDARD = gnu11;
				GCC_NO_COMMON_BLOCKS = YES;
				GCC_WARN_64_TO_32_BIT_CONVERSION = YES;
				GCC_WARN_ABOUT_RETURN_TYPE = YES_ERROR;
				GCC_WARN_UNDECLARED_SELECTOR = YES;
				GCC_WARN_UNINITIALIZED_AUTOS = YES_AGGRESSIVE;
				GCC_WARN_UNUSED_FUNCTION = YES;
				GCC_WARN_UNUSED_VARIABLE = YES;
				IPHONEOS_DEPLOYMENT_TARGET = 10.0;
				MTL_ENABLE_DEBUG_INFO = NO;
				MTL_FAST_MATH = YES;
				SDKROOT = iphoneos;
				SWIFT_COMPILATION_MODE = wholemodule;
				SWIFT_OPTIMIZATION_LEVEL = "-O";
				VALIDATE_PRODUCT = YES;
			};
			name = Release;
		};
		62E1845521E9582200C147A1 /* Debug */ = {
			isa = XCBuildConfiguration;
			buildSettings = {
				ASSETCATALOG_COMPILER_APPICON_NAME = AppIcon;
				CODE_SIGN_STYLE = Automatic;
				DEVELOPMENT_TEAM = Z4P996HWZL;
				INFOPLIST_FILE = "travis-ci/Info.plist";
				LD_RUNPATH_SEARCH_PATHS = (
					"$(inherited)",
					"@executable_path/Frameworks",
				);
				PRODUCT_BUNDLE_IDENTIFIER = "swift.travis-ci";
				PRODUCT_NAME = "$(TARGET_NAME)";
				SWIFT_VERSION = 4.2;
				TARGETED_DEVICE_FAMILY = "1,2";
			};
			name = Debug;
		};
		62E1845621E9582200C147A1 /* Release */ = {
			isa = XCBuildConfiguration;
			buildSettings = {
				ASSETCATALOG_COMPILER_APPICON_NAME = AppIcon;
				CODE_SIGN_STYLE = Automatic;
				DEVELOPMENT_TEAM = Z4P996HWZL;
				INFOPLIST_FILE = "travis-ci/Info.plist";
				LD_RUNPATH_SEARCH_PATHS = (
					"$(inherited)",
					"@executable_path/Frameworks",
				);
				PRODUCT_BUNDLE_IDENTIFIER = "swift.travis-ci";
				PRODUCT_NAME = "$(TARGET_NAME)";
				SWIFT_VERSION = 4.2;
				TARGETED_DEVICE_FAMILY = "1,2";
			};
			name = Release;
		};
		62E1845821E9582200C147A1 /* Debug */ = {
			isa = XCBuildConfiguration;
			buildSettings = {
				ALWAYS_EMBED_SWIFT_STANDARD_LIBRARIES = YES;
				BUNDLE_LOADER = "$(TEST_HOST)";
				CODE_SIGN_STYLE = Automatic;
				DEVELOPMENT_TEAM = Z4P996HWZL;
				INFOPLIST_FILE = "travis-ciTests/Info.plist";
				LD_RUNPATH_SEARCH_PATHS = (
					"$(inherited)",
					"@executable_path/Frameworks",
					"@loader_path/Frameworks",
				);
				PRODUCT_BUNDLE_IDENTIFIER = "swift.travis-ciTests";
				PRODUCT_NAME = "$(TARGET_NAME)";
				SWIFT_VERSION = 4.2;
				TARGETED_DEVICE_FAMILY = "1,2";
				TEST_HOST = "$(BUILT_PRODUCTS_DIR)/travis-ci.app/travis-ci";
			};
			name = Debug;
		};
		62E1845921E9582200C147A1 /* Release */ = {
			isa = XCBuildConfiguration;
			buildSettings = {
				ALWAYS_EMBED_SWIFT_STANDARD_LIBRARIES = YES;
				BUNDLE_LOADER = "$(TEST_HOST)";
				CODE_SIGN_STYLE = Automatic;
				DEVELOPMENT_TEAM = Z4P996HWZL;
				INFOPLIST_FILE = "travis-ciTests/Info.plist";
				LD_RUNPATH_SEARCH_PATHS = (
					"$(inherited)",
					"@executable_path/Frameworks",
					"@loader_path/Frameworks",
				);
				PRODUCT_BUNDLE_IDENTIFIER = "swift.travis-ciTests";
				PRODUCT_NAME = "$(TARGET_NAME)";
				SWIFT_VERSION = 4.2;
				TARGETED_DEVICE_FAMILY = "1,2";
				TEST_HOST = "$(BUILT_PRODUCTS_DIR)/travis-ci.app/travis-ci";
			};
			name = Release;
		};
		62E1845B21E9582200C147A1 /* Debug */ = {
			isa = XCBuildConfiguration;
			buildSettings = {
				ALWAYS_EMBED_SWIFT_STANDARD_LIBRARIES = YES;
				CODE_SIGN_STYLE = Automatic;
				DEVELOPMENT_TEAM = Z4P996HWZL;
				INFOPLIST_FILE = "travis-ciUITests/Info.plist";
				LD_RUNPATH_SEARCH_PATHS = (
					"$(inherited)",
					"@executable_path/Frameworks",
					"@loader_path/Frameworks",
				);
				PRODUCT_BUNDLE_IDENTIFIER = "swift.travis-ciUITests";
				PRODUCT_NAME = "$(TARGET_NAME)";
				SWIFT_VERSION = 4.2;
				TARGETED_DEVICE_FAMILY = "1,2";
				TEST_TARGET_NAME = "travis-ci";
			};
			name = Debug;
		};
		62E1845C21E9582200C147A1 /* Release */ = {
			isa = XCBuildConfiguration;
			buildSettings = {
				ALWAYS_EMBED_SWIFT_STANDARD_LIBRARIES = YES;
				CODE_SIGN_STYLE = Automatic;
				DEVELOPMENT_TEAM = Z4P996HWZL;
				INFOPLIST_FILE = "travis-ciUITests/Info.plist";
				LD_RUNPATH_SEARCH_PATHS = (
					"$(inherited)",
					"@executable_path/Frameworks",
					"@loader_path/Frameworks",
				);
				PRODUCT_BUNDLE_IDENTIFIER = "swift.travis-ciUITests";
				PRODUCT_NAME = "$(TARGET_NAME)";
				SWIFT_VERSION = 4.2;
				TARGETED_DEVICE_FAMILY = "1,2";
				TEST_TARGET_NAME = "travis-ci";
			};
			name = Release;
		};
/* End XCBuildConfiguration section */

/* Begin XCConfigurationList section */
		62E1842721E9582100C147A1 /* Build configuration list for PBXProject "travis-ci" */ = {
			isa = XCConfigurationList;
			buildConfigurations = (
				62E1845221E9582200C147A1 /* Debug */,
				62E1845321E9582200C147A1 /* Release */,
			);
			defaultConfigurationIsVisible = 0;
			defaultConfigurationName = Release;
		};
		62E1845421E9582200C147A1 /* Build configuration list for PBXNativeTarget "travis-ci" */ = {
			isa = XCConfigurationList;
			buildConfigurations = (
				62E1845521E9582200C147A1 /* Debug */,
				62E1845621E9582200C147A1 /* Release */,
			);
			defaultConfigurationIsVisible = 0;
			defaultConfigurationName = Release;
		};
		62E1845721E9582200C147A1 /* Build configuration list for PBXNativeTarget "travis-ciTests" */ = {
			isa = XCConfigurationList;
			buildConfigurations = (
				62E1845821E9582200C147A1 /* Debug */,
				62E1845921E9582200C147A1 /* Release */,
			);
			defaultConfigurationIsVisible = 0;
			defaultConfigurationName = Release;
		};
		62E1845A21E9582200C147A1 /* Build configuration list for PBXNativeTarget "travis-ciUITests" */ = {
			isa = XCConfigurationList;
			buildConfigurations = (
				62E1845B21E9582200C147A1 /* Debug */,
				62E1845C21E9582200C147A1 /* Release */,
			);
			defaultConfigurationIsVisible = 0;
			defaultConfigurationName = Release;
		};
/* End XCConfigurationList section */
	};
	rootObject = 62E1842421E9582100C147A1 /* Project object */;
}
